addict==2.4.0
alembic==1.18.5
annotated-doc==0.0.5
annotated-types==0.8.0
anyio==4.14.2
ast_serialize==0.6.0
attrs==26.1.0
babel==2.18.0
blis==1.3.3
catalogue==2.0.10
cefrpy==1.0.2
certifi==2026.7.22
cffi==2.1.0
charset-normalizer==3.4.9
claude-agent-sdk==0.2.128
click==8.4.2
cloudpathlib==0.24.0
confection==1.3.3
coverage==7.15.2
cryptography==49.0.0
csvw==4.1.0
curated-tokenizers==0.0.9
curated-transformers==0.1.1
cymem==2.0.13
dlinfo==2.0.0
docopt==0.6.2
espeakng-loader==0.2.4
fastapi==0.140.13
filelock==3.32.0
fsspec==2026.7.0
ftfy==6.3.1
h11==0.16.0
hf-xet==1.5.2
httpcore==1.0.9
httptools==0.8.0
httpx==0.28.1
httpx-sse==0.4.3
huggingface_hub==1.25.1
idna==3.18
iniconfig==2.3.0
isodate==0.7.2
Jinja2==3.1.6
joblib==1.5.3
jsonschema==4.26.0
jsonschema-specifications==2025.9.1
kokoro==0.9.4
langcodes==3.5.1
language-tags==1.3.1
librt==0.13.0
locate==1.1.1
loguru==0.7.3
Mako==1.3.12
markdown-it-py==4.2.0
MarkupSafe==3.0.3
mcp==1.29.0
mdurl==0.1.2
misaki==0.9.4
mpmath==1.3.0
msgpack==1.2.1
murmurhash==1.0.15
mypy==2.3.0
mypy_extensions==1.1.0
networkx==3.6.1
num2words==0.5.14
numpy==2.5.1
packaging==26.2
pathspec==1.1.1
phonemizer-fork==3.3.2
pillow==12.3.0
pluggy==1.6.0
preshed==3.0.13
pycparser==3.0
pydantic==2.13.4
pydantic-settings==2.14.2
pydantic_core==2.46.4
Pygments==2.20.0
PyJWT==2.13.0
pyparsing==3.3.2
pytest==9.1.1
pytest-asyncio==1.4.0
pytest-cov==7.1.0
python-dateutil==2.9.0.post0
python-dotenv==1.2.2
python-multipart==0.0.32
PyYAML==6.0.3
rdflib==7.6.0
referencing==0.37.0
regex==2026.7.19
requests==2.34.2
rfc3986==1.5.0
rich==15.0.0
rpds-py==2026.6.3
ruff==0.16.0
safetensors==0.8.0
segments==2.4.0
setuptools==83.0.0
shellingham==1.5.4
six==1.17.0
smart_open==8.0.1
sniffio==1.3.1
socksio==1.0.0
soundfile==0.14.0
spacy==3.8.14
spacy-curated-transformers==0.3.1
spacy-legacy==3.0.12
spacy-loggers==1.0.5
SQLAlchemy==2.0.51
srsly==2.5.3
sse-starlette==3.4.6
starlette==1.3.1
structlog==26.1.0
sympy==1.14.0
termcolor==3.3.0
thinc==8.3.13
tokenizers==0.22.2
torch==2.13.0
tqdm==4.70.0
transformers==5.14.1
typer==0.27.0
types-PyYAML==6.0.12.20260724
typing-inspection==0.4.2
typing_extensions==4.16.0
uritemplate==4.2.0
urllib3==2.7.0
uvicorn==0.52.0
uvloop==0.22.1
wasabi==1.1.3
watchfiles==1.2.0
wcwidth==0.8.2
weasel==1.0.0
websockets==16.1.1
wordfreq==3.1.1
wrapt==2.3.0
yt-dlp==2026.7.4
